
Microsoft Visual Studio Solution File, Format Version 12.00
# Visual Studio Version 17
VisualStudioVersion = 17.3.32922.545
MinimumVisualStudioVersion = 10.0.40219.1
Project("{FAE04EC0-301F-11D3-BF4B-00C04F79EFBC}") = "Malan_Andrei_Laborator2", "Malan_Andrei_Laborator2.csproj", "{1CFB2BA5-683A-4EDF-AFC6-7D6529089363}"
EndProject
Global
	GlobalSection(SolutionConfigurationPlatforms) = preSolution
		Debug|Any CPU = Debug|Any CPU
		Release|Any CPU = Release|Any CPU
	EndGlobalSection
	GlobalSection(ProjectConfigurationPlatforms) = postSolution
		{1CFB2BA5-683A-4EDF-AFC6-7D6529089363}.Debug|Any CPU.ActiveCfg = Debug|Any CPU
		{1CFB2BA5-683A-4EDF-AFC6-7D6529089363}.Debug|Any CPU.Build.0 = Debug|Any CPU
		{1CFB2BA5-683A-4EDF-AFC6-7D6529089363}.Release|Any CPU.ActiveCfg = Release|Any CPU
		{1CFB2BA5-683A-4EDF-AFC6-7D6529089363}.Release|Any CPU.Build.0 = Release|Any CPU
	EndGlobalSection
	GlobalSection(SolutionProperties) = preSolution
		HideSolutionNode = FALSE
	EndGlobalSection
	GlobalSection(ExtensibilityGlobals) = postSolution
		SolutionGuid = {5F178257-A631-4AB6-A063-9C1FA9B7B405}
	EndGlobalSection
EndGlobal
